
Microsoft Visual Studio Solution File, Format Version 12.00
# Visual Studio Version 16
VisualStudioVersion = 25.0.1706.3
MinimumVisualStudioVersion = 10.0.40219.1
Project("{2150E333-8FDC-42A3-9474-1A3956D46DE8}") = "src", "src", "{1D876B68-2848-4D0B-9E7F-8C8C23007D68}"
EndProject
Project("{2150E333-8FDC-42A3-9474-1A3956D46DE8}") = "test", "test", "{DDC5CA2D-9079-4A4A-9259-741662571008}"
EndProject
Project("{2150E333-8FDC-42A3-9474-1A3956D46DE8}") = "API", "API", "{CD7D308A-1D1E-4549-8E7B-C90AB5167910}"
EndProject
Project("{2150E333-8FDC-42A3-9474-1A3956D46DE8}") = "Core", "Core", "{BA816D22-DDE2-45AC-B9A9-AE7A0D869EED}"
EndProject
Project("{2150E333-8FDC-42A3-9474-1A3956D46DE8}") = "Infrastructure", "Infrastructure", "{C73445BC-23A5-47D5-BCAE-F3B21943A11D}"
EndProject
Project("{FAE04EC0-301F-11D3-BF4B-00C04F79EFBC}") = "FDex.Api", "FDex.Api\FDex.Api.csproj", "{9111ECF7-8C56-41F4-9E9C-A3A198BEE2AB}"
EndProject
Project("{FAE04EC0-301F-11D3-BF4B-00C04F79EFBC}") = "FDex.Domain", "FDex.Domain\FDex.Domain.csproj", "{9488A977-AFAE-4DE0-A09C-E18C885FD881}"
EndProject
Project("{FAE04EC0-301F-11D3-BF4B-00C04F79EFBC}") = "FDex.Application", "FDex.Application\FDex.Application.csproj", "{9F5D186E-9BE8-4614-9660-D525BCAC8AEC}"
EndProject
Project("{FAE04EC0-301F-11D3-BF4B-00C04F79EFBC}") = "FDex.Infrastructure", "FDex.Infrastructure\FDex.Infrastructure.csproj", "{E5F14741-7FB4-42F8-A19A-FA849F6262DB}"
EndProject
Project("{FAE04EC0-301F-11D3-BF4B-00C04F79EFBC}") = "FDex.Persistence", "FDex.Persistence\FDex.Persistence.csproj", "{73A0D6B9-FB43-4518-BCDC-3AD8B83DD0E3}"
EndProject
Project("{FAE04EC0-301F-11D3-BF4B-00C04F79EFBC}") = "FDex.Identity", "FDex.Identity\FDex.Identity.csproj", "{7A740579-636C-45AD-950F-3AB5DF7F643B}"
EndProject
Project("{2150E333-8FDC-42A3-9474-1A3956D46DE8}") = "UnitTest", "UnitTest", "{130DAE9F-9784-4251-87C7-F7C4AC8D16BE}"
EndProject
Project("{FAE04EC0-301F-11D3-BF4B-00C04F79EFBC}") = "FDex.XUnit", "FDex.XUnit\FDex.XUnit.csproj", "{A56BB414-FD13-4E80-90D4-25A85831399F}"
EndProject
Project("{2150E333-8FDC-42A3-9474-1A3956D46DE8}") = "Solution Items", "Solution Items", "{10A6F0B2-83B1-45AB-B21F-F4FF20B80EE6}"
	ProjectSection(SolutionItems) = preProject
		docker-compose.yml = docker-compose.yml
	EndProjectSection
EndProject
Global
	GlobalSection(SolutionConfigurationPlatforms) = preSolution
		Debug|Any CPU = Debug|Any CPU
		Release|Any CPU = Release|Any CPU
	EndGlobalSection
	GlobalSection(ProjectConfigurationPlatforms) = postSolution
		{9111ECF7-8C56-41F4-9E9C-A3A198BEE2AB}.Debug|Any CPU.ActiveCfg = Debug|Any CPU
		{9111ECF7-8C56-41F4-9E9C-A3A198BEE2AB}.Debug|Any CPU.Build.0 = Debug|Any CPU
		{9111ECF7-8C56-41F4-9E9C-A3A198BEE2AB}.Release|Any CPU.ActiveCfg = Release|Any CPU
		{9111ECF7-8C56-41F4-9E9C-A3A198BEE2AB}.Release|Any CPU.Build.0 = Release|Any CPU
		{9488A977-AFAE-4DE0-A09C-E18C885FD881}.Debug|Any CPU.ActiveCfg = Debug|Any CPU
		{9488A977-AFAE-4DE0-A09C-E18C885FD881}.Debug|Any CPU.Build.0 = Debug|Any CPU
		{9488A977-AFAE-4DE0-A09C-E18C885FD881}.Release|Any CPU.ActiveCfg = Release|Any CPU
		{9488A977-AFAE-4DE0-A09C-E18C885FD881}.Release|Any CPU.Build.0 = Release|Any CPU
		{9F5D186E-9BE8-4614-9660-D525BCAC8AEC}.Debug|Any CPU.ActiveCfg = Debug|Any CPU
		{9F5D186E-9BE8-4614-9660-D525BCAC8AEC}.Debug|Any CPU.Build.0 = Debug|Any CPU
		{9F5D186E-9BE8-4614-9660-D525BCAC8AEC}.Release|Any CPU.ActiveCfg = Release|Any CPU
		{9F5D186E-9BE8-4614-9660-D525BCAC8AEC}.Release|Any CPU.Build.0 = Release|Any CPU
		{E5F14741-7FB4-42F8-A19A-FA849F6262DB}.Debug|Any CPU.ActiveCfg = Debug|Any CPU
		{E5F14741-7FB4-42F8-A19A-FA849F6262DB}.Debug|Any CPU.Build.0 = Debug|Any CPU
		{E5F14741-7FB4-42F8-A19A-FA849F6262DB}.Release|Any CPU.ActiveCfg = Release|Any CPU
		{E5F14741-7FB4-42F8-A19A-FA849F6262DB}.Release|Any CPU.Build.0 = Release|Any CPU
		{73A0D6B9-FB43-4518-BCDC-3AD8B83DD0E3}.Debug|Any CPU.ActiveCfg = Debug|Any CPU
		{73A0D6B9-FB43-4518-BCDC-3AD8B83DD0E3}.Debug|Any CPU.Build.0 = Debug|Any CPU
		{73A0D6B9-FB43-4518-BCDC-3AD8B83DD0E3}.Release|Any CPU.ActiveCfg = Release|Any CPU
		{73A0D6B9-FB43-4518-BCDC-3AD8B83DD0E3}.Release|Any CPU.Build.0 = Release|Any CPU
		{7A740579-636C-45AD-950F-3AB5DF7F643B}.Debug|Any CPU.ActiveCfg = Debug|Any CPU
		{7A740579-636C-45AD-950F-3AB5DF7F643B}.Debug|Any CPU.Build.0 = Debug|Any CPU
		{7A740579-636C-45AD-950F-3AB5DF7F643B}.Release|Any CPU.ActiveCfg = Release|Any CPU
		{7A740579-636C-45AD-950F-3AB5DF7F643B}.Release|Any CPU.Build.0 = Release|Any CPU
		{A56BB414-FD13-4E80-90D4-25A85831399F}.Debug|Any CPU.ActiveCfg = Debug|Any CPU
		{A56BB414-FD13-4E80-90D4-25A85831399F}.Debug|Any CPU.Build.0 = Debug|Any CPU
		{A56BB414-FD13-4E80-90D4-25A85831399F}.Release|Any CPU.ActiveCfg = Release|Any CPU
		{A56BB414-FD13-4E80-90D4-25A85831399F}.Release|Any CPU.Build.0 = Release|Any CPU
	EndGlobalSection
	GlobalSection(SolutionProperties) = preSolution
		HideSolutionNode = FALSE
	EndGlobalSection
	GlobalSection(ExtensibilityGlobals) = postSolution
		SolutionGuid = {303689FC-8383-4866-B437-74BAB51596ED}
	EndGlobalSection
	GlobalSection(NestedProjects) = preSolution
		{CD7D308A-1D1E-4549-8E7B-C90AB5167910} = {1D876B68-2848-4D0B-9E7F-8C8C23007D68}
		{BA816D22-DDE2-45AC-B9A9-AE7A0D869EED} = {1D876B68-2848-4D0B-9E7F-8C8C23007D68}
		{C73445BC-23A5-47D5-BCAE-F3B21943A11D} = {1D876B68-2848-4D0B-9E7F-8C8C23007D68}
		{9111ECF7-8C56-41F4-9E9C-A3A198BEE2AB} = {CD7D308A-1D1E-4549-8E7B-C90AB5167910}
		{9488A977-AFAE-4DE0-A09C-E18C885FD881} = {BA816D22-DDE2-45AC-B9A9-AE7A0D869EED}
		{9F5D186E-9BE8-4614-9660-D525BCAC8AEC} = {BA816D22-DDE2-45AC-B9A9-AE7A0D869EED}
		{E5F14741-7FB4-42F8-A19A-FA849F6262DB} = {C73445BC-23A5-47D5-BCAE-F3B21943A11D}
		{73A0D6B9-FB43-4518-BCDC-3AD8B83DD0E3} = {C73445BC-23A5-47D5-BCAE-F3B21943A11D}
		{7A740579-636C-45AD-950F-3AB5DF7F643B} = {C73445BC-23A5-47D5-BCAE-F3B21943A11D}
		{130DAE9F-9784-4251-87C7-F7C4AC8D16BE} = {DDC5CA2D-9079-4A4A-9259-741662571008}
		{A56BB414-FD13-4E80-90D4-25A85831399F} = {130DAE9F-9784-4251-87C7-F7C4AC8D16BE}
	EndGlobalSection
EndGlobal
